
Microsoft Visual Studio Solution File, Format Version 12.00
# Visual Studio 14
VisualStudioVersion = 14.0.25123.0
MinimumVisualStudioVersion = 10.0.40219.1
Project("{FAE04EC0-301F-11D3-BF4B-00C04F79EFBC}") = "Problem 01.Action Print", "Problem 01.Action Print\Problem 01.Action Print.csproj", "{3F0CF344-5D76-42A7-9739-BEF61AA6EA64}"
EndProject
Project("{FAE04EC0-301F-11D3-BF4B-00C04F79EFBC}") = "Problem 02.Knights Of Honour", "Problem 02.Knights Of Honour\Problem 02.Knights Of Honour.csproj", "{30396F5E-D5E8-4C61-802C-4A120D5EF283}"
EndProject
Project("{FAE04EC0-301F-11D3-BF4B-00C04F79EFBC}") = "Problem 03.Custom Min Function", "Problems 03.Custom Min Function\Problem 03.Custom Min Function.csproj", "{EC842008-CF1D-4DDB-9628-0D9C245959D2}"
EndProject
Project("{FAE04EC0-301F-11D3-BF4B-00C04F79EFBC}") = "Problem 04. Find Even or Odds", "Problem 04. Find Even or Odds\Problem 04. Find Even or Odds.csproj", "{019582A1-6594-40F2-B8FB-91FFD214ECED}"
EndProject
Project("{FAE04EC0-301F-11D3-BF4B-00C04F79EFBC}") = "Problem 05.Applied Arithmetics", "Problem 05.Applied Arithmetics\Problem 05.Applied Arithmetics.csproj", "{003BF79F-9767-4B9E-AAED-F93472919CFB}"
EndProject
Project("{FAE04EC0-301F-11D3-BF4B-00C04F79EFBC}") = "Problem 06.Reverse and Exclude", "Problem 06.Reverse and Exclude\Problem 06.Reverse and Exclude.csproj", "{AC8344F9-9223-41EB-814F-B87371C67C38}"
EndProject
Project("{FAE04EC0-301F-11D3-BF4B-00C04F79EFBC}") = "Problem 07.Predicate for names", "Problem 07.Predicate for names\Problem 07.Predicate for names.csproj", "{31F53B8A-0916-4B2D-A0BF-2135400399E7}"
EndProject
Project("{FAE04EC0-301F-11D3-BF4B-00C04F79EFBC}") = "Problem 08. Custom Comparator", "Problem 08. Custom Comparator\Problem 08. Custom Comparator.csproj", "{B3BA8AC8-EC15-4ED3-BB83-6C5396183F31}"
EndProject
Project("{FAE04EC0-301F-11D3-BF4B-00C04F79EFBC}") = "Problem 09.List of Predicates", "Problem 09.List of Predicates\Problem 09.List of Predicates.csproj", "{CECBA895-A7D0-4AA8-B0E5-E15B956A21A8}"
EndProject
Project("{FAE04EC0-301F-11D3-BF4B-00C04F79EFBC}") = "ConsoleApplication1", "ConsoleApplication1\ConsoleApplication1.csproj", "{A135FA18-1025-4366-90AD-133D4DC3B08B}"
EndProject
Project("{FAE04EC0-301F-11D3-BF4B-00C04F79EFBC}") = "Problem 10.Predicate Party", "Problem 10.Predicate Party\Problem 10.Predicate Party.csproj", "{C623CD0F-09C0-48F7-8A59-6AF1C5B24A8B}"
EndProject
Project("{FAE04EC0-301F-11D3-BF4B-00C04F79EFBC}") = "Problem 11. Party Reservation", "Problem 11. Party Reservation\Problem 11. Party Reservation.csproj", "{29526A6F-0A0A-4C8E-A1EB-EB815AEB9ECC}"
EndProject
Project("{FAE04EC0-301F-11D3-BF4B-00C04F79EFBC}") = "Problem 12.Inferno 3", "Problem 12.Inferno 3\Problem 12.Inferno 3.csproj", "{45FA20EF-4F70-433E-92A3-E2B123F4BDBE}"
EndProject
Project("{FAE04EC0-301F-11D3-BF4B-00C04F79EFBC}") = "Problem 13.TriFunction", "Problem 13.TriFunction\Problem 13.TriFunction.csproj", "{9597632D-2EBC-4E16-8066-34D1660F2D39}"
EndProject
Global
	GlobalSection(SolutionConfigurationPlatforms) = preSolution
		Debug|Any CPU = Debug|Any CPU
		Release|Any CPU = Release|Any CPU
	EndGlobalSection
	GlobalSection(ProjectConfigurationPlatforms) = postSolution
		{3F0CF344-5D76-42A7-9739-BEF61AA6EA64}.Debug|Any CPU.ActiveCfg = Debug|Any CPU
		{3F0CF344-5D76-42A7-9739-BEF61AA6EA64}.Debug|Any CPU.Build.0 = Debug|Any CPU
		{3F0CF344-5D76-42A7-9739-BEF61AA6EA64}.Release|Any CPU.ActiveCfg = Release|Any CPU
		{3F0CF344-5D76-42A7-9739-BEF61AA6EA64}.Release|Any CPU.Build.0 = Release|Any CPU
		{30396F5E-D5E8-4C61-802C-4A120D5EF283}.Debug|Any CPU.ActiveCfg = Debug|Any CPU
		{30396F5E-D5E8-4C61-802C-4A120D5EF283}.Debug|Any CPU.Build.0 = Debug|Any CPU
		{30396F5E-D5E8-4C61-802C-4A120D5EF283}.Release|Any CPU.ActiveCfg = Release|Any CPU
		{30396F5E-D5E8-4C61-802C-4A120D5EF283}.Release|Any CPU.Build.0 = Release|Any CPU
		{EC842008-CF1D-4DDB-9628-0D9C245959D2}.Debug|Any CPU.ActiveCfg = Debug|Any CPU
		{EC842008-CF1D-4DDB-9628-0D9C245959D2}.Debug|Any CPU.Build.0 = Debug|Any CPU
		{EC842008-CF1D-4DDB-9628-0D9C245959D2}.Release|Any CPU.ActiveCfg = Release|Any CPU
		{EC842008-CF1D-4DDB-9628-0D9C245959D2}.Release|Any CPU.Build.0 = Release|Any CPU
		{019582A1-6594-40F2-B8FB-91FFD214ECED}.Debug|Any CPU.ActiveCfg = Debug|Any CPU
		{019582A1-6594-40F2-B8FB-91FFD214ECED}.Debug|Any CPU.Build.0 = Debug|Any CPU
		{019582A1-6594-40F2-B8FB-91FFD214ECED}.Release|Any CPU.ActiveCfg = Release|Any CPU
		{019582A1-6594-40F2-B8FB-91FFD214ECED}.Release|Any CPU.Build.0 = Release|Any CPU
		{003BF79F-9767-4B9E-AAED-F93472919CFB}.Debug|Any CPU.ActiveCfg = Debug|Any CPU
		{003BF79F-9767-4B9E-AAED-F93472919CFB}.Debug|Any CPU.Build.0 = Debug|Any CPU
		{003BF79F-9767-4B9E-AAED-F93472919CFB}.Release|Any CPU.ActiveCfg = Release|Any CPU
		{003BF79F-9767-4B9E-AAED-F93472919CFB}.Release|Any CPU.Build.0 = Release|Any CPU
		{AC8344F9-9223-41EB-814F-B87371C67C38}.Debug|Any CPU.ActiveCfg = Debug|Any CPU
		{AC8344F9-9223-41EB-814F-B87371C67C38}.Debug|Any CPU.Build.0 = Debug|Any CPU
		{AC8344F9-9223-41EB-814F-B87371C67C38}.Release|Any CPU.ActiveCfg = Release|Any CPU
		{AC8344F9-9223-41EB-814F-B87371C67C38}.Release|Any CPU.Build.0 = Release|Any CPU
		{31F53B8A-0916-4B2D-A0BF-2135400399E7}.Debug|Any CPU.ActiveCfg = Debug|Any CPU
		{31F53B8A-0916-4B2D-A0BF-2135400399E7}.Debug|Any CPU.Build.0 = Debug|Any CPU
		{31F53B8A-0916-4B2D-A0BF-2135400399E7}.Release|Any CPU.ActiveCfg = Release|Any CPU
		{31F53B8A-0916-4B2D-A0BF-2135400399E7}.Release|Any CPU.Build.0 = Release|Any CPU
		{B3BA8AC8-EC15-4ED3-BB83-6C5396183F31}.Debug|Any CPU.ActiveCfg = Debug|Any CPU
		{B3BA8AC8-EC15-4ED3-BB83-6C5396183F31}.Debug|Any CPU.Build.0 = Debug|Any CPU
		{B3BA8AC8-EC15-4ED3-BB83-6C5396183F31}.Release|Any CPU.ActiveCfg = Release|Any CPU
		{B3BA8AC8-EC15-4ED3-BB83-6C5396183F31}.Release|Any CPU.Build.0 = Release|Any CPU
		{CECBA895-A7D0-4AA8-B0E5-E15B956A21A8}.Debug|Any CPU.ActiveCfg = Debug|Any CPU
		{CECBA895-A7D0-4AA8-B0E5-E15B956A21A8}.Debug|Any CPU.Build.0 = Debug|Any CPU
		{CECBA895-A7D0-4AA8-B0E5-E15B956A21A8}.Release|Any CPU.ActiveCfg = Release|Any CPU
		{CECBA895-A7D0-4AA8-B0E5-E15B956A21A8}.Release|Any CPU.Build.0 = Release|Any CPU
		{A135FA18-1025-4366-90AD-133D4DC3B08B}.Debug|Any CPU.ActiveCfg = Debug|Any CPU
		{A135FA18-1025-4366-90AD-133D4DC3B08B}.Debug|Any CPU.Build.0 = Debug|Any CPU
		{A135FA18-1025-4366-90AD-133D4DC3B08B}.Release|Any CPU.ActiveCfg = Release|Any CPU
		{A135FA18-1025-4366-90AD-133D4DC3B08B}.Release|Any CPU.Build.0 = Release|Any CPU
		{C623CD0F-09C0-48F7-8A59-6AF1C5B24A8B}.Debug|Any CPU.ActiveCfg = Debug|Any CPU
		{C623CD0F-09C0-48F7-8A59-6AF1C5B24A8B}.Debug|Any CPU.Build.0 = Debug|Any CPU
		{C623CD0F-09C0-48F7-8A59-6AF1C5B24A8B}.Release|Any CPU.ActiveCfg = Release|Any CPU
		{C623CD0F-09C0-48F7-8A59-6AF1C5B24A8B}.Release|Any CPU.Build.0 = Release|Any CPU
		{29526A6F-0A0A-4C8E-A1EB-EB815AEB9ECC}.Debug|Any CPU.ActiveCfg = Debug|Any CPU
		{29526A6F-0A0A-4C8E-A1EB-EB815AEB9ECC}.Debug|Any CPU.Build.0 = Debug|Any CPU
		{29526A6F-0A0A-4C8E-A1EB-EB815AEB9ECC}.Release|Any CPU.ActiveCfg = Release|Any CPU
		{29526A6F-0A0A-4C8E-A1EB-EB815AEB9ECC}.Release|Any CPU.Build.0 = Release|Any CPU
		{45FA20EF-4F70-433E-92A3-E2B123F4BDBE}.Debug|Any CPU.ActiveCfg = Debug|Any CPU
		{45FA20EF-4F70-433E-92A3-E2B123F4BDBE}.Debug|Any CPU.Build.0 = Debug|Any CPU
		{45FA20EF-4F70-433E-92A3-E2B123F4BDBE}.Release|Any CPU.ActiveCfg = Release|Any CPU
		{45FA20EF-4F70-433E-92A3-E2B123F4BDBE}.Release|Any CPU.Build.0 = Release|Any CPU
		{9597632D-2EBC-4E16-8066-34D1660F2D39}.Debug|Any CPU.ActiveCfg = Debug|Any CPU
		{9597632D-2EBC-4E16-8066-34D1660F2D39}.Debug|Any CPU.Build.0 = Debug|Any CPU
		{9597632D-2EBC-4E16-8066-34D1660F2D39}.Release|Any CPU.ActiveCfg = Release|Any CPU
		{9597632D-2EBC-4E16-8066-34D1660F2D39}.Release|Any CPU.Build.0 = Release|Any CPU
	EndGlobalSection
	GlobalSection(SolutionProperties) = preSolution
		HideSolutionNode = FALSE
	EndGlobalSection
EndGlobal
